
Microsoft Visual Studio Solution File, Format Version 12.00
# Visual Studio Version 16
VisualStudioVersion = 16.0.29503.13
MinimumVisualStudioVersion = 10.0.40219.1
Project("{FAE04EC0-301F-11D3-BF4B-00C04F79EFBC}") = "tec.api.fm", "..\tec.api.fm\tec.api.fm.csproj", "{35AE3849-02B6-490A-8CE0-30EC4E127717}"
EndProject
Global
	GlobalSection(SolutionConfigurationPlatforms) = preSolution
		Debug|Any CPU = Debug|Any CPU
		Release|Any CPU = Release|Any CPU
	EndGlobalSection
	GlobalSection(ProjectConfigurationPlatforms) = postSolution
		{35AE3849-02B6-490A-8CE0-30EC4E127717}.Debug|Any CPU.ActiveCfg = Debug|Any CPU
		{35AE3849-02B6-490A-8CE0-30EC4E127717}.Debug|Any CPU.Build.0 = Debug|Any CPU
		{35AE3849-02B6-490A-8CE0-30EC4E127717}.Release|Any CPU.ActiveCfg = Release|Any CPU
		{35AE3849-02B6-490A-8CE0-30EC4E127717}.Release|Any CPU.Build.0 = Release|Any CPU
	EndGlobalSection
	GlobalSection(SolutionProperties) = preSolution
		HideSolutionNode = FALSE
	EndGlobalSection
	GlobalSection(ExtensibilityGlobals) = postSolution
		SolutionGuid = {6EAAB23C-5C0B-48FA-AA9F-A4AD720ECBF2}
	EndGlobalSection
EndGlobal
