
Microsoft Visual Studio Solution File, Format Version 12.00
# Visual Studio Version 16
VisualStudioVersion = 16.0.29503.13
MinimumVisualStudioVersion = 10.0.40219.1
Project("{FAE04EC0-301F-11D3-BF4B-00C04F79EFBC}") = "tec.core.api", "tec.core.api.csproj", "{B6C6FBA9-1A3A-4E8A-93EA-D888F1CBDF9A}"
EndProject
Project("{FAE04EC0-301F-11D3-BF4B-00C04F79EFBC}") = "tec.core.model", "..\tec.core.model\tec.core.model.csproj", "{C8AF1663-4FE3-4BD4-A106-8B5006663334}"
EndProject
Global
	GlobalSection(SolutionConfigurationPlatforms) = preSolution
		Debug|Any CPU = Debug|Any CPU
		Release|Any CPU = Release|Any CPU
	EndGlobalSection
	GlobalSection(ProjectConfigurationPlatforms) = postSolution
		{B6C6FBA9-1A3A-4E8A-93EA-D888F1CBDF9A}.Debug|Any CPU.ActiveCfg = Debug|Any CPU
		{B6C6FBA9-1A3A-4E8A-93EA-D888F1CBDF9A}.Debug|Any CPU.Build.0 = Debug|Any CPU
		{B6C6FBA9-1A3A-4E8A-93EA-D888F1CBDF9A}.Release|Any CPU.ActiveCfg = Release|Any CPU
		{B6C6FBA9-1A3A-4E8A-93EA-D888F1CBDF9A}.Release|Any CPU.Build.0 = Release|Any CPU
		{C8AF1663-4FE3-4BD4-A106-8B5006663334}.Debug|Any CPU.ActiveCfg = Debug|Any CPU
		{C8AF1663-4FE3-4BD4-A106-8B5006663334}.Debug|Any CPU.Build.0 = Debug|Any CPU
		{C8AF1663-4FE3-4BD4-A106-8B5006663334}.Release|Any CPU.ActiveCfg = Release|Any CPU
		{C8AF1663-4FE3-4BD4-A106-8B5006663334}.Release|Any CPU.Build.0 = Release|Any CPU
	EndGlobalSection
	GlobalSection(SolutionProperties) = preSolution
		HideSolutionNode = FALSE
	EndGlobalSection
	GlobalSection(ExtensibilityGlobals) = postSolution
		SolutionGuid = {A3249C20-5057-47CE-8A54-9D6D0E3F5452}
	EndGlobalSection
EndGlobal
