
Microsoft Visual Studio Solution File, Format Version 12.00
# Visual Studio Version 16
VisualStudioVersion = 16.0.29503.13
MinimumVisualStudioVersion = 10.0.40219.1
Project("{FAE04EC0-301F-11D3-BF4B-00C04F79EFBC}") = "tec.api.res", "tec.api.res.csproj", "{F7ABD516-D59C-4E18-B377-E753FE38805F}"
EndProject
Global
	GlobalSection(SolutionConfigurationPlatforms) = preSolution
		Debug|Any CPU = Debug|Any CPU
		Release|Any CPU = Release|Any CPU
	EndGlobalSection
	GlobalSection(ProjectConfigurationPlatforms) = postSolution
		{F7ABD516-D59C-4E18-B377-E753FE38805F}.Debug|Any CPU.ActiveCfg = Debug|Any CPU
		{F7ABD516-D59C-4E18-B377-E753FE38805F}.Debug|Any CPU.Build.0 = Debug|Any CPU
		{F7ABD516-D59C-4E18-B377-E753FE38805F}.Release|Any CPU.ActiveCfg = Release|Any CPU
		{F7ABD516-D59C-4E18-B377-E753FE38805F}.Release|Any CPU.Build.0 = Release|Any CPU
	EndGlobalSection
	GlobalSection(SolutionProperties) = preSolution
		HideSolutionNode = FALSE
	EndGlobalSection
	GlobalSection(ExtensibilityGlobals) = postSolution
		SolutionGuid = {9C078880-0483-4BE8-808F-11F84A6C8E46}
	EndGlobalSection
EndGlobal
